
Microsoft Visual Studio Solution File, Format Version 12.00
# Visual Studio Version 16
VisualStudioVersion = 16.0.30804.86
MinimumVisualStudioVersion = 10.0.40219.1
Project("{FAE04EC0-301F-11D3-BF4B-00C04F79EFBC}") = "TCCCMS", "TCCCMS.csproj", "{2C6473C6-9D74-4B25-814F-F16C3DDB9DC9}"
EndProject
Project("{FAE04EC0-301F-11D3-BF4B-00C04F79EFBC}") = "TCCCMS.Data", "TCCCMS.Data\TCCCMS.Data.csproj", "{08B10199-F068-42B1-A083-059D0DB338D2}"
EndProject
Project("{FAE04EC0-301F-11D3-BF4B-00C04F79EFBC}") = "TCCCMS.Business", "TCCCMS.Business\TCCCMS.Business.csproj", "{5CF372A0-8349-4F49-8543-1FFB361D6586}"
EndProject
Project("{FAE04EC0-301F-11D3-BF4B-00C04F79EFBC}") = "TCCCMS.Models", "TCCCMS.Models\TCCCMS.Models.csproj", "{845B4B80-787D-4951-8C1F-E4179426B4AB}"
EndProject
Project("{FAE04EC0-301F-11D3-BF4B-00C04F79EFBC}") = "TCCCMS.Ship.ImportData", "TCCCMS.Ship.ImportData\TCCCMS.Ship.ImportData\TCCCMS.Ship.ImportData.csproj", "{90746CE2-75BC-4A45-BF42-3CACF2350F22}"
EndProject
Project("{FAE04EC0-301F-11D3-BF4B-00C04F79EFBC}") = "TCCCMS.Admin.ImportData", "TCCCMS.Admin.ImportData\TCCCMS.Admin.ImportData\TCCCMS.Admin.ImportData.csproj", "{4040F4A5-9911-4805-8381-AB2867A1F50F}"
EndProject
Project("{FAE04EC0-301F-11D3-BF4B-00C04F79EFBC}") = "TCCCMS.Admin.ExportData", "TCCCMS.Admin.ExportData\TCCCMS.Admin.ExportData\TCCCMS.Admin.ExportData.csproj", "{01038F8F-5131-47BC-A542-82EBBE7AB364}"
EndProject
Project("{FAE04EC0-301F-11D3-BF4B-00C04F79EFBC}") = "TCCCMS.Ship.ExportData", "TCCCMS.Ship.ExportData\TCCCMS.Ship.ExportData\TCCCMS.Ship.ExportData.csproj", "{62F93CC4-7809-442A-9C62-2EA4B11DF4BB}"
EndProject
Project("{FAE04EC0-301F-11D3-BF4B-00C04F79EFBC}") = "TCCCMS.LOG", "TCCCMS.LOG\TCCCMS.LOG.csproj", "{B5933E62-46AC-4113-AAAA-B73836181324}"
EndProject
Project("{FAE04EC0-301F-11D3-BF4B-00C04F79EFBC}") = "TCCCMS.CryptoUtility", "TCCCMS.CryptoUtility\TCCCMS.CryptoUtility.csproj", "{E1CFD43B-4313-4B62-A7A2-0FC56D129630}"
EndProject
Global
	GlobalSection(SolutionConfigurationPlatforms) = preSolution
		Debug|Any CPU = Debug|Any CPU
		Release|Any CPU = Release|Any CPU
	EndGlobalSection
	GlobalSection(ProjectConfigurationPlatforms) = postSolution
		{2C6473C6-9D74-4B25-814F-F16C3DDB9DC9}.Debug|Any CPU.ActiveCfg = Debug|Any CPU
		{2C6473C6-9D74-4B25-814F-F16C3DDB9DC9}.Debug|Any CPU.Build.0 = Debug|Any CPU
		{2C6473C6-9D74-4B25-814F-F16C3DDB9DC9}.Release|Any CPU.ActiveCfg = Release|Any CPU
		{2C6473C6-9D74-4B25-814F-F16C3DDB9DC9}.Release|Any CPU.Build.0 = Release|Any CPU
		{08B10199-F068-42B1-A083-059D0DB338D2}.Debug|Any CPU.ActiveCfg = Debug|Any CPU
		{08B10199-F068-42B1-A083-059D0DB338D2}.Debug|Any CPU.Build.0 = Debug|Any CPU
		{08B10199-F068-42B1-A083-059D0DB338D2}.Release|Any CPU.ActiveCfg = Release|Any CPU
		{08B10199-F068-42B1-A083-059D0DB338D2}.Release|Any CPU.Build.0 = Release|Any CPU
		{5CF372A0-8349-4F49-8543-1FFB361D6586}.Debug|Any CPU.ActiveCfg = Debug|Any CPU
		{5CF372A0-8349-4F49-8543-1FFB361D6586}.Debug|Any CPU.Build.0 = Debug|Any CPU
		{5CF372A0-8349-4F49-8543-1FFB361D6586}.Release|Any CPU.ActiveCfg = Release|Any CPU
		{5CF372A0-8349-4F49-8543-1FFB361D6586}.Release|Any CPU.Build.0 = Release|Any CPU
		{845B4B80-787D-4951-8C1F-E4179426B4AB}.Debug|Any CPU.ActiveCfg = Debug|Any CPU
		{845B4B80-787D-4951-8C1F-E4179426B4AB}.Debug|Any CPU.Build.0 = Debug|Any CPU
		{845B4B80-787D-4951-8C1F-E4179426B4AB}.Release|Any CPU.ActiveCfg = Release|Any CPU
		{845B4B80-787D-4951-8C1F-E4179426B4AB}.Release|Any CPU.Build.0 = Release|Any CPU
		{90746CE2-75BC-4A45-BF42-3CACF2350F22}.Debug|Any CPU.ActiveCfg = Debug|Any CPU
		{90746CE2-75BC-4A45-BF42-3CACF2350F22}.Debug|Any CPU.Build.0 = Debug|Any CPU
		{90746CE2-75BC-4A45-BF42-3CACF2350F22}.Release|Any CPU.ActiveCfg = Release|Any CPU
		{90746CE2-75BC-4A45-BF42-3CACF2350F22}.Release|Any CPU.Build.0 = Release|Any CPU
		{4040F4A5-9911-4805-8381-AB2867A1F50F}.Debug|Any CPU.ActiveCfg = Debug|Any CPU
		{4040F4A5-9911-4805-8381-AB2867A1F50F}.Debug|Any CPU.Build.0 = Debug|Any CPU
		{4040F4A5-9911-4805-8381-AB2867A1F50F}.Release|Any CPU.ActiveCfg = Release|Any CPU
		{4040F4A5-9911-4805-8381-AB2867A1F50F}.Release|Any CPU.Build.0 = Release|Any CPU
		{01038F8F-5131-47BC-A542-82EBBE7AB364}.Debug|Any CPU.ActiveCfg = Debug|Any CPU
		{01038F8F-5131-47BC-A542-82EBBE7AB364}.Debug|Any CPU.Build.0 = Debug|Any CPU
		{01038F8F-5131-47BC-A542-82EBBE7AB364}.Release|Any CPU.ActiveCfg = Release|Any CPU
		{01038F8F-5131-47BC-A542-82EBBE7AB364}.Release|Any CPU.Build.0 = Release|Any CPU
		{62F93CC4-7809-442A-9C62-2EA4B11DF4BB}.Debug|Any CPU.ActiveCfg = Debug|Any CPU
		{62F93CC4-7809-442A-9C62-2EA4B11DF4BB}.Debug|Any CPU.Build.0 = Debug|Any CPU
		{62F93CC4-7809-442A-9C62-2EA4B11DF4BB}.Release|Any CPU.ActiveCfg = Release|Any CPU
		{62F93CC4-7809-442A-9C62-2EA4B11DF4BB}.Release|Any CPU.Build.0 = Release|Any CPU
		{B5933E62-46AC-4113-AAAA-B73836181324}.Debug|Any CPU.ActiveCfg = Debug|Any CPU
		{B5933E62-46AC-4113-AAAA-B73836181324}.Debug|Any CPU.Build.0 = Debug|Any CPU
		{B5933E62-46AC-4113-AAAA-B73836181324}.Release|Any CPU.ActiveCfg = Release|Any CPU
		{B5933E62-46AC-4113-AAAA-B73836181324}.Release|Any CPU.Build.0 = Release|Any CPU
		{E1CFD43B-4313-4B62-A7A2-0FC56D129630}.Debug|Any CPU.ActiveCfg = Debug|Any CPU
		{E1CFD43B-4313-4B62-A7A2-0FC56D129630}.Debug|Any CPU.Build.0 = Debug|Any CPU
		{E1CFD43B-4313-4B62-A7A2-0FC56D129630}.Release|Any CPU.ActiveCfg = Release|Any CPU
		{E1CFD43B-4313-4B62-A7A2-0FC56D129630}.Release|Any CPU.Build.0 = Release|Any CPU
	EndGlobalSection
	GlobalSection(SolutionProperties) = preSolution
		HideSolutionNode = FALSE
	EndGlobalSection
	GlobalSection(ExtensibilityGlobals) = postSolution
		SolutionGuid = {021E6AD2-B66E-4E8E-908F-E929CA4F00FD}
	EndGlobalSection
EndGlobal
