
Microsoft Visual Studio Solution File, Format Version 12.00
# Visual Studio Version 16
VisualStudioVersion = 16.0.31019.35
MinimumVisualStudioVersion = 10.0.40219.1
Project("{FAE04EC0-301F-11D3-BF4B-00C04F79EFBC}") = "TCCCMS.Admin.ImportData", "TCCCMS.Admin.ImportData\TCCCMS.Admin.ImportData.csproj", "{4040F4A5-9911-4805-8381-AB2867A1F50F}"
EndProject
Global
	GlobalSection(SolutionConfigurationPlatforms) = preSolution
		Debug|Any CPU = Debug|Any CPU
		Release|Any CPU = Release|Any CPU
	EndGlobalSection
	GlobalSection(ProjectConfigurationPlatforms) = postSolution
		{4040F4A5-9911-4805-8381-AB2867A1F50F}.Debug|Any CPU.ActiveCfg = Debug|Any CPU
		{4040F4A5-9911-4805-8381-AB2867A1F50F}.Debug|Any CPU.Build.0 = Debug|Any CPU
		{4040F4A5-9911-4805-8381-AB2867A1F50F}.Release|Any CPU.ActiveCfg = Release|Any CPU
		{4040F4A5-9911-4805-8381-AB2867A1F50F}.Release|Any CPU.Build.0 = Release|Any CPU
	EndGlobalSection
	GlobalSection(SolutionProperties) = preSolution
		HideSolutionNode = FALSE
	EndGlobalSection
	GlobalSection(ExtensibilityGlobals) = postSolution
		SolutionGuid = {6D528F1D-B6EA-449F-A650-CFDC110E2B6B}
	EndGlobalSection
EndGlobal
