
Microsoft Visual Studio Solution File, Format Version 12.00
# Visual Studio Version 16
VisualStudioVersion = 16.0.31019.35
MinimumVisualStudioVersion = 10.0.40219.1
Project("{FAE04EC0-301F-11D3-BF4B-00C04F79EFBC}") = "TCCCMS.Ship.ExportData", "TCCCMS.Ship.ExportData\TCCCMS.Ship.ExportData.csproj", "{62F93CC4-7809-442A-9C62-2EA4B11DF4BB}"
EndProject
Global
	GlobalSection(SolutionConfigurationPlatforms) = preSolution
		Debug|Any CPU = Debug|Any CPU
		Release|Any CPU = Release|Any CPU
	EndGlobalSection
	GlobalSection(ProjectConfigurationPlatforms) = postSolution
		{62F93CC4-7809-442A-9C62-2EA4B11DF4BB}.Debug|Any CPU.ActiveCfg = Debug|Any CPU
		{62F93CC4-7809-442A-9C62-2EA4B11DF4BB}.Debug|Any CPU.Build.0 = Debug|Any CPU
		{62F93CC4-7809-442A-9C62-2EA4B11DF4BB}.Release|Any CPU.ActiveCfg = Release|Any CPU
		{62F93CC4-7809-442A-9C62-2EA4B11DF4BB}.Release|Any CPU.Build.0 = Release|Any CPU
	EndGlobalSection
	GlobalSection(SolutionProperties) = preSolution
		HideSolutionNode = FALSE
	EndGlobalSection
	GlobalSection(ExtensibilityGlobals) = postSolution
		SolutionGuid = {437EE5FB-6290-46DF-872A-058822842613}
	EndGlobalSection
EndGlobal
