
Microsoft Visual Studio Solution File, Format Version 12.00
# Visual Studio Version 16
VisualStudioVersion = 16.0.31019.35
MinimumVisualStudioVersion = 10.0.40219.1
Project("{FAE04EC0-301F-11D3-BF4B-00C04F79EFBC}") = "TCCCMS.Ship.ImportData", "TCCCMS.Ship.ImportData\TCCCMS.Ship.ImportData.csproj", "{90746CE2-75BC-4A45-BF42-3CACF2350F22}"
EndProject
Global
	GlobalSection(SolutionConfigurationPlatforms) = preSolution
		Debug|Any CPU = Debug|Any CPU
		Release|Any CPU = Release|Any CPU
	EndGlobalSection
	GlobalSection(ProjectConfigurationPlatforms) = postSolution
		{90746CE2-75BC-4A45-BF42-3CACF2350F22}.Debug|Any CPU.ActiveCfg = Debug|Any CPU
		{90746CE2-75BC-4A45-BF42-3CACF2350F22}.Debug|Any CPU.Build.0 = Debug|Any CPU
		{90746CE2-75BC-4A45-BF42-3CACF2350F22}.Release|Any CPU.ActiveCfg = Release|Any CPU
		{90746CE2-75BC-4A45-BF42-3CACF2350F22}.Release|Any CPU.Build.0 = Release|Any CPU
	EndGlobalSection
	GlobalSection(SolutionProperties) = preSolution
		HideSolutionNode = FALSE
	EndGlobalSection
	GlobalSection(ExtensibilityGlobals) = postSolution
		SolutionGuid = {86F4F4C6-3995-4616-B56A-85CD62508298}
	EndGlobalSection
EndGlobal
